
Microsoft Visual Studio Solution File, Format Version 12.00
# Visual Studio Version 17
VisualStudioVersion = 17.0.31903.59
MinimumVisualStudioVersion = 10.0.40219.1
Project("{FAE04EC0-301F-11D3-BF4B-00C04F79EFBC}") = "Fina.Api", "Fina.Api\Fina.Api.csproj", "{7BAE162B-A33C-4398-8996-4B803FD8379C}"
EndProject
Project("{FAE04EC0-301F-11D3-BF4B-00C04F79EFBC}") = "Fina.Core", "Fina.Core\Fina.Core.csproj", "{915ACB34-8D13-48D3-B043-62AE89CCD05F}"
EndProject
Project("{FAE04EC0-301F-11D3-BF4B-00C04F79EFBC}") = "Fina.Web", "Fina.Web\Fina.Web.csproj", "{B4371F0E-9C36-4C56-85F4-770B5CB73605}"
EndProject
Global
	GlobalSection(SolutionConfigurationPlatforms) = preSolution
		Debug|Any CPU = Debug|Any CPU
		Release|Any CPU = Release|Any CPU
	EndGlobalSection
	GlobalSection(SolutionProperties) = preSolution
		HideSolutionNode = FALSE
	EndGlobalSection
	GlobalSection(ProjectConfigurationPlatforms) = postSolution
		{7BAE162B-A33C-4398-8996-4B803FD8379C}.Debug|Any CPU.ActiveCfg = Debug|Any CPU
		{7BAE162B-A33C-4398-8996-4B803FD8379C}.Debug|Any CPU.Build.0 = Debug|Any CPU
		{7BAE162B-A33C-4398-8996-4B803FD8379C}.Release|Any CPU.ActiveCfg = Release|Any CPU
		{7BAE162B-A33C-4398-8996-4B803FD8379C}.Release|Any CPU.Build.0 = Release|Any CPU
		{915ACB34-8D13-48D3-B043-62AE89CCD05F}.Debug|Any CPU.ActiveCfg = Debug|Any CPU
		{915ACB34-8D13-48D3-B043-62AE89CCD05F}.Debug|Any CPU.Build.0 = Debug|Any CPU
		{915ACB34-8D13-48D3-B043-62AE89CCD05F}.Release|Any CPU.ActiveCfg = Release|Any CPU
		{915ACB34-8D13-48D3-B043-62AE89CCD05F}.Release|Any CPU.Build.0 = Release|Any CPU
		{B4371F0E-9C36-4C56-85F4-770B5CB73605}.Debug|Any CPU.ActiveCfg = Debug|Any CPU
		{B4371F0E-9C36-4C56-85F4-770B5CB73605}.Debug|Any CPU.Build.0 = Debug|Any CPU
		{B4371F0E-9C36-4C56-85F4-770B5CB73605}.Release|Any CPU.ActiveCfg = Release|Any CPU
		{B4371F0E-9C36-4C56-85F4-770B5CB73605}.Release|Any CPU.Build.0 = Release|Any CPU
	EndGlobalSection
EndGlobal
